# THIS IS AN AUTOGENERATED FILE. DO NOT EDIT THIS FILE DIRECTLY.
# yarn lockfile v1


"@faker-js/faker@^10.2.0":
  version "10.2.0"
  resolved "https://registry.yarnpkg.com/@faker-js/faker/-/faker-10.2.0.tgz#91028d4086969825795de331c305e8b91414bcb7"
  integrity sha512-rTXwAsIxpCqzUnZvrxVh3L0QA0NzToqWBLAhV+zDV3MIIwiQhAZHMdPCIaj5n/yADu/tyk12wIPgL6YHGXJP+g==

"@playwright/test@^1.58.0":
  version "1.58.0"
  resolved "https://registry.yarnpkg.com/@playwright/test/-/test-1.58.0.tgz#7e768ebaadd4db5531fee812d876a0641f4fa10a"
  integrity sha512-fWza+Lpbj6SkQKCrU6si4iu+fD2dD3gxNHFhUPxsfXBPhnv3rRSQVd0NtBUT9Z/RhF/boCBcuUaMUSTRTopjZg==
  dependencies:
    playwright "1.58.0"

"@types/node@^25.0.10":
  version "25.0.10"
  resolved "https://registry.yarnpkg.com/@types/node/-/node-25.0.10.tgz#4864459c3c9459376b8b75fd051315071c8213e7"
  integrity sha512-zWW5KPngR/yvakJgGOmZ5vTBemDoSqF3AcV/LrO5u5wTWyEAVVh+IT39G4gtyAkh3CtTZs8aX/yRM82OfzHJRg==
  dependencies:
    undici-types "~7.16.0"

fsevents@2.3.2:
  version "2.3.2"
  resolved "https://registry.yarnpkg.com/fsevents/-/fsevents-2.3.2.tgz#8a526f78b8fdf4623b709e0b975c52c24c02fd1a"
  integrity sha512-xiqMQR4xAeHTuB9uWm+fFRcIOgKBMiOBP+eXiyT7jsgVCq1bkVygt00oASowB7EdtpOHaaPgKt812P9ab+DDKA==

playwright-core@1.58.0:
  version "1.58.0"
  resolved "https://registry.yarnpkg.com/playwright-core/-/playwright-core-1.58.0.tgz#f0c74217837e5dda1ecfae78e214fe97112c1f97"
  integrity sha512-aaoB1RWrdNi3//rOeKuMiS65UCcgOVljU46At6eFcOFPFHWtd2weHRRow6z/n+Lec0Lvu0k9ZPKJSjPugikirw==

playwright@1.58.0:
  version "1.58.0"
  resolved "https://registry.yarnpkg.com/playwright/-/playwright-1.58.0.tgz#f0a0d9b6b93d153338951ac7fb9dd8d0ea256e53"
  integrity sha512-2SVA0sbPktiIY/MCOPX8e86ehA/e+tDNq+e5Y8qjKYti2Z/JG7xnronT/TXTIkKbYGWlCbuucZ6dziEgkoEjQQ==
  dependencies:
    playwright-core "1.58.0"
  optionalDependencies:
    fsevents "2.3.2"

undici-types@~7.16.0:
  version "7.16.0"
  resolved "https://registry.yarnpkg.com/undici-types/-/undici-types-7.16.0.tgz#ffccdff36aea4884cbfce9a750a0580224f58a46"
  integrity sha512-Zz+aZWSj8LE6zoxD+xrjh4VfkIG8Ya6LvYkZqtUQGJPZjYl53ypCaUwWqo7eI0x66KBGeRo+mlBEkMSeSZ38Nw==
